// !$*UTF8*$!
{
	archiveVersion = 1;
	classes = {
	};
	objectVersion = 56;
	objects = {

/* Begin PBXBuildFile section */
		F16EDFEC2BAF3B96003ADD52 /* SearchView.swift in Sources */ = {isa = PBXBuildFile; fileRef = F16EDFEB2BAF3B96003ADD52 /* SearchView.swift */; };
		F16EDFEF2BAF3BEB003ADD52 /* SnapKit in Frameworks */ = {isa = PBXBuildFile; productRef = F16EDFEE2BAF3BEB003ADD52 /* SnapKit */; };
		F16EDFF12BAF3BEB003ADD52 /* SnapKit-Dynamic in Frameworks */ = {isa = PBXBuildFile; productRef = F16EDFF02BAF3BEB003ADD52 /* SnapKit-Dynamic */; };
		F17499A72BACA41900A7078A /* AppDelegate.swift in Sources */ = {isa = PBXBuildFile; fileRef = F17499A62BACA41900A7078A /* AppDelegate.swift */; };
		F17499A92BACA41900A7078A /* SceneDelegate.swift in Sources */ = {isa = PBXBuildFile; fileRef = F17499A82BACA41900A7078A /* SceneDelegate.swift */; };
		F17499AB2BACA41900A7078A /* ViewController.swift in Sources */ = {isa = PBXBuildFile; fileRef = F17499AA2BACA41900A7078A /* ViewController.swift */; };
		F17499B02BACA41A00A7078A /* Assets.xcassets in Resources */ = {isa = PBXBuildFile; fileRef = F17499AF2BACA41A00A7078A /* Assets.xcassets */; };
		F17499B32BACA41A00A7078A /* LaunchScreen.storyboard in Resources */ = {isa = PBXBuildFile; fileRef = F17499B12BACA41A00A7078A /* LaunchScreen.storyboard */; };
/* End PBXBuildFile section */

/* Begin PBXFileReference section */
		F16EDFEB2BAF3B96003ADD52 /* SearchView.swift */ = {isa = PBXFileReference; lastKnownFileType = sourcecode.swift; path = SearchView.swift; sourceTree = "<group>"; };
		F17499A32BACA41900A7078A /* CooksCorner.app */ = {isa = PBXFileReference; explicitFileType = wrapper.application; includeInIndex = 0; path = CooksCorner.app; sourceTree = BUILT_PRODUCTS_DIR; };
		F17499A62BACA41900A7078A /* AppDelegate.swift */ = {isa = PBXFileReference; lastKnownFileType = sourcecode.swift; path = AppDelegate.swift; sourceTree = "<group>"; };
		F17499A82BACA41900A7078A /* SceneDelegate.swift */ = {isa = PBXFileReference; lastKnownFileType = sourcecode.swift; path = SceneDelegate.swift; sourceTree = "<group>"; };
		F17499AA2BACA41900A7078A /* ViewController.swift */ = {isa = PBXFileReference; lastKnownFileType = sourcecode.swift; path = ViewController.swift; sourceTree = "<group>"; };
		F17499AF2BACA41A00A7078A /* Assets.xcassets */ = {isa = PBXFileReference; lastKnownFileType = folder.assetcatalog; path = Assets.xcassets; sourceTree = "<group>"; };
		F17499B22BACA41A00A7078A /* Base */ = {isa = PBXFileReference; lastKnownFileType = file.storyboard; name = Base; path = Base.lproj/LaunchScreen.storyboard; sourceTree = "<group>"; };
		F17499B42BACA41A00A7078A /* Info.plist */ = {isa = PBXFileReference; lastKnownFileType = text.plist.xml; path = Info.plist; sourceTree = "<group>"; };
/* End PBXFileReference section */

/* Begin PBXFrameworksBuildPhase section */
		F17499A02BACA41900A7078A /* Frameworks */ = {
			isa = PBXFrameworksBuildPhase;
			buildActionMask = 2147483647;
			files = (
				F16EDFEF2BAF3BEB003ADD52 /* SnapKit in Frameworks */,
				F16EDFF12BAF3BEB003ADD52 /* SnapKit-Dynamic in Frameworks */,
			);
			runOnlyForDeploymentPostprocessing = 0;
		};
/* End PBXFrameworksBuildPhase section */

/* Begin PBXGroup section */
		F16EDFEA2BAF3B63003ADD52 /* Search */ = {
			isa = PBXGroup;
			children = (
				F17499AA2BACA41900A7078A /* ViewController.swift */,
				F16EDFEB2BAF3B96003ADD52 /* SearchView.swift */,
			);
			path = Search;
			sourceTree = "<group>";
		};
		F174999A2BACA41900A7078A = {
			isa = PBXGroup;
			children = (
				F17499A52BACA41900A7078A /* CooksCorner */,
				F17499A42BACA41900A7078A /* Products */,
			);
			sourceTree = "<group>";
		};
		F17499A42BACA41900A7078A /* Products */ = {
			isa = PBXGroup;
			children = (
				F17499A32BACA41900A7078A /* CooksCorner.app */,
			);
			name = Products;
			sourceTree = "<group>";
		};
		F17499A52BACA41900A7078A /* CooksCorner */ = {
			isa = PBXGroup;
			children = (
				F16EDFEA2BAF3B63003ADD52 /* Search */,
				F17499A62BACA41900A7078A /* AppDelegate.swift */,
				F17499A82BACA41900A7078A /* SceneDelegate.swift */,
				F17499AF2BACA41A00A7078A /* Assets.xcassets */,
				F17499B12BACA41A00A7078A /* LaunchScreen.storyboard */,
				F17499B42BACA41A00A7078A /* Info.plist */,
			);
			path = CooksCorner;
			sourceTree = "<group>";
		};
/* End PBXGroup section */

/* Begin PBXNativeTarget section */
		F17499A22BACA41900A7078A /* CooksCorner */ = {
			isa = PBXNativeTarget;
			buildConfigurationList = F17499B72BACA41A00A7078A /* Build configuration list for PBXNativeTarget "CooksCorner" */;
			buildPhases = (
				F174999F2BACA41900A7078A /* Sources */,
				F17499A02BACA41900A7078A /* Frameworks */,
				F17499A12BACA41900A7078A /* Resources */,
			);
			buildRules = (
			);
			dependencies = (
			);
			name = CooksCorner;
			packageProductDependencies = (
				F16EDFEE2BAF3BEB003ADD52 /* SnapKit */,
				F16EDFF02BAF3BEB003ADD52 /* SnapKit-Dynamic */,
			);
			productName = CooksCorner;
			productReference = F17499A32BACA41900A7078A /* CooksCorner.app */;
			productType = "com.apple.product-type.application";
		};
/* End PBXNativeTarget section */

/* Begin PBXProject section */
		F174999B2BACA41900A7078A /* Project object */ = {
			isa = PBXProject;
			attributes = {
				BuildIndependentTargetsInParallel = 1;
				LastSwiftUpdateCheck = 1520;
				LastUpgradeCheck = 1520;
				TargetAttributes = {
					F17499A22BACA41900A7078A = {
						CreatedOnToolsVersion = 15.2;
					};
				};
			};
			buildConfigurationList = F174999E2BACA41900A7078A /* Build configuration list for PBXProject "CooksCorner" */;
			compatibilityVersion = "Xcode 14.0";
			developmentRegion = en;
			hasScannedForEncodings = 0;
			knownRegions = (
				en,
				Base,
			);
			mainGroup = F174999A2BACA41900A7078A;
			packageReferences = (
				F16EDFED2BAF3BEB003ADD52 /* XCRemoteSwiftPackageReference "SnapKit" */,
			);
			productRefGroup = F17499A42BACA41900A7078A /* Products */;
			projectDirPath = "";
			projectRoot = "";
			targets = (
				F17499A22BACA41900A7078A /* CooksCorner */,
			);
		};
/* End PBXProject section */

/* Begin PBXResourcesBuildPhase section */
		F17499A12BACA41900A7078A /* Resources */ = {
			isa = PBXResourcesBuildPhase;
			buildActionMask = 2147483647;
			files = (
				F17499B32BACA41A00A7078A /* LaunchScreen.storyboard in Resources */,
				F17499B02BACA41A00A7078A /* Assets.xcassets in Resources */,
			);
			runOnlyForDeploymentPostprocessing = 0;
		};
/* End PBXResourcesBuildPhase section */

/* Begin PBXSourcesBuildPhase section */
		F174999F2BACA41900A7078A /* Sources */ = {
			isa = PBXSourcesBuildPhase;
			buildActionMask = 2147483647;
			files = (
				F16EDFEC2BAF3B96003ADD52 /* SearchView.swift in Sources */,
				F17499AB2BACA41900A7078A /* ViewController.swift in Sources */,
				F17499A72BACA41900A7078A /* AppDelegate.swift in Sources */,
				F17499A92BACA41900A7078A /* SceneDelegate.swift in Sources */,
			);
			runOnlyForDeploymentPostprocessing = 0;
		};
/* End PBXSourcesBuildPhase section */

/* Begin PBXVariantGroup section */
		F17499B12BACA41A00A7078A /* LaunchScreen.storyboard */ = {
			isa = PBXVariantGroup;
			children = (
				F17499B22BACA41A00A7078A /* Base */,
			);
			name = LaunchScreen.storyboard;
			sourceTree = "<group>";
		};
/* End PBXVariantGroup section */

/* Begin XCBuildConfiguration section */
		F17499B52BACA41A00A7078A /* Debug */ = {
			isa = XCBuildConfiguration;
			buildSettings = {
				ALWAYS_SEARCH_USER_PATHS = NO;
				ASSETCATALOG_COMPILER_GENERATE_SWIFT_ASSET_SYMBOL_EXTENSIONS = YES;
				CLANG_ANALYZER_NONNULL = YES;
				CLANG_ANALYZER_NUMBER_OBJECT_CONVERSION = YES_AGGRESSIVE;
				CLANG_CXX_LANGUAGE_STANDARD = "gnu++20";
				CLANG_ENABLE_MODULES = YES;
				CLANG_ENABLE_OBJC_ARC = YES;
				CLANG_ENABLE_OBJC_WEAK = YES;
				CLANG_WARN_BLOCK_CAPTURE_AUTORELEASING = YES;
				CLANG_WARN_BOOL_CONVERSION = YES;
				CLANG_WARN_COMMA = YES;
				CLANG_WARN_CONSTANT_CONVERSION = YES;
				CLANG_WARN_DEPRECATED_OBJC_IMPLEMENTATIONS = YES;
				CLANG_WARN_DIRECT_OBJC_ISA_USAGE = YES_ERROR;
				CLANG_WARN_DOCUMENTATION_COMMENTS = YES;
				CLANG_WARN_EMPTY_BODY = YES;
				CLANG_WARN_ENUM_CONVERSION = YES;
				CLANG_WARN_INFINITE_RECURSION = YES;
				CLANG_WARN_INT_CONVERSION = YES;
				CLANG_WARN_NON_LITERAL_NULL_CONVERSION = YES;
				CLANG_WARN_OBJC_IMPLICIT_RETAIN_SELF = YES;
				CLANG_WARN_OBJC_LITERAL_CONVERSION = YES;
				CLANG_WARN_OBJC_ROOT_CLASS = YES_ERROR;
				CLANG_WARN_QUOTED_INCLUDE_IN_FRAMEWORK_HEADER = YES;
				CLANG_WARN_RANGE_LOOP_ANALYSIS = YES;
				CLANG_WARN_STRICT_PROTOTYPES = YES;
				CLANG_WARN_SUSPICIOUS_MOVE = YES;
				CLANG_WARN_UNGUARDED_AVAILABILITY = YES_AGGRESSIVE;
				CLANG_WARN_UNREACHABLE_CODE = YES;
				CLANG_WARN__DUPLICATE_METHOD_MATCH = YES;
				COPY_PHASE_STRIP = NO;
				DEBUG_INFORMATION_FORMAT = dwarf;
				ENABLE_STRICT_OBJC_MSGSEND = YES;
				ENABLE_TESTABILITY = YES;
				ENABLE_USER_SCRIPT_SANDBOXING = YES;
				GCC_C_LANGUAGE_STANDARD = gnu17;
				GCC_DYNAMIC_NO_PIC = NO;
				GCC_NO_COMMON_BLOCKS = YES;
				GCC_OPTIMIZATION_LEVEL = 0;
				GCC_PREPROCESSOR_DEFINITIONS = (
					"DEBUG=1",
					"$(inherited)",
				);
				GCC_WARN_64_TO_32_BIT_CONVERSION = YES;
				GCC_WARN_ABOUT_RETURN_TYPE = YES_ERROR;
				GCC_WARN_UNDECLARED_SELECTOR = YES;
				GCC_WARN_UNINITIALIZED_AUTOS = YES_AGGRESSIVE;
				GCC_WARN_UNUSED_FUNCTION = YES;
				GCC_WARN_UNUSED_VARIABLE = YES;
				IPHONEOS_DEPLOYMENT_TARGET = 17.2;
				LOCALIZATION_PREFERS_STRING_CATALOGS = YES;
				MTL_ENABLE_DEBUG_INFO = INCLUDE_SOURCE;
				MTL_FAST_MATH = YES;
				ONLY_ACTIVE_ARCH = YES;
				SDKROOT = iphoneos;
				SWIFT_ACTIVE_COMPILATION_CONDITIONS = "DEBUG $(inherited)";
				SWIFT_OPTIMIZATION_LEVEL = "-Onone";
			};
			name = Debug;
		};
		F17499B62BACA41A00A7078A /* Release */ = {
			isa = XCBuildConfiguration;
			buildSettings = {
				ALWAYS_SEARCH_USER_PATHS = NO;
				ASSETCATALOG_COMPILER_GENERATE_SWIFT_ASSET_SYMBOL_EXTENSIONS = YES;
				CLANG_ANALYZER_NONNULL = YES;
				CLANG_ANALYZER_NUMBER_OBJECT_CONVERSION = YES_AGGRESSIVE;
				CLANG_CXX_LANGUAGE_STANDARD = "gnu++20";
				CLANG_ENABLE_MODULES = YES;
				CLANG_ENABLE_OBJC_ARC = YES;
				CLANG_ENABLE_OBJC_WEAK = YES;
				CLANG_WARN_BLOCK_CAPTURE_AUTORELEASING = YES;
				CLANG_WARN_BOOL_CONVERSION = YES;
				CLANG_WARN_COMMA = YES;
				CLANG_WARN_CONSTANT_CONVERSION = YES;
				CLANG_WARN_DEPRECATED_OBJC_IMPLEMENTATIONS = YES;
				CLANG_WARN_DIRECT_OBJC_ISA_USAGE = YES_ERROR;
				CLANG_WARN_DOCUMENTATION_COMMENTS = YES;
				CLANG_WARN_EMPTY_BODY = YES;
				CLANG_WARN_ENUM_CONVERSION = YES;
				CLANG_WARN_INFINITE_RECURSION = YES;
				CLANG_WARN_INT_CONVERSION = YES;
				CLANG_WARN_NON_LITERAL_NULL_CONVERSION = YES;
				CLANG_WARN_OBJC_IMPLICIT_RETAIN_SELF = YES;
				CLANG_WARN_OBJC_LITERAL_CONVERSION = YES;
				CLANG_WARN_OBJC_ROOT_CLASS = YES_ERROR;
				CLANG_WARN_QUOTED_INCLUDE_IN_FRAMEWORK_HEADER = YES;
				CLANG_WARN_RANGE_LOOP_ANALYSIS = YES;
				CLANG_WARN_STRICT_PROTOTYPES = YES;
				CLANG_WARN_SUSPICIOUS_MOVE = YES;
				CLANG_WARN_UNGUARDED_AVAILABILITY = YES_AGGRESSIVE;
				CLANG_WARN_UNREACHABLE_CODE = YES;
				CLANG_WARN__DUPLICATE_METHOD_MATCH = YES;
				COPY_PHASE_STRIP = NO;
				DEBUG_INFORMATION_FORMAT = "dwarf-with-dsym";
				ENABLE_NS_ASSERTIONS = NO;
				ENABLE_STRICT_OBJC_MSGSEND = YES;
				ENABLE_USER_SCRIPT_SANDBOXING = YES;
				GCC_C_LANGUAGE_STANDARD = gnu17;
				GCC_NO_COMMON_BLOCKS = YES;
				GCC_WARN_64_TO_32_BIT_CONVERSION = YES;
				GCC_WARN_ABOUT_RETURN_TYPE = YES_ERROR;
				GCC_WARN_UNDECLARED_SELECTOR = YES;
				GCC_WARN_UNINITIALIZED_AUTOS = YES_AGGRESSIVE;
				GCC_WARN_UNUSED_FUNCTION = YES;
				GCC_WARN_UNUSED_VARIABLE = YES;
				IPHONEOS_DEPLOYMENT_TARGET = 17.2;
				LOCALIZATION_PREFERS_STRING_CATALOGS = YES;
				MTL_ENABLE_DEBUG_INFO = NO;
				MTL_FAST_MATH = YES;
				SDKROOT = iphoneos;
				SWIFT_COMPILATION_MODE = wholemodule;
				VALIDATE_PRODUCT = YES;
			};
			name = Release;
		};
		F17499B82BACA41A00A7078A /* Debug */ = {
			isa = XCBuildConfiguration;
			buildSettings = {
				ASSETCATALOG_COMPILER_APPICON_NAME = AppIcon;
				ASSETCATALOG_COMPILER_GLOBAL_ACCENT_COLOR_NAME = AccentColor;
				CODE_SIGN_STYLE = Automatic;
				CURRENT_PROJECT_VERSION = 1;
				DEVELOPMENT_TEAM = S384TNP4Y3;
				GENERATE_INFOPLIST_FILE = YES;
				INFOPLIST_FILE = CooksCorner/Info.plist;
				INFOPLIST_KEY_UIApplicationSupportsIndirectInputEvents = YES;
				INFOPLIST_KEY_UILaunchStoryboardName = LaunchScreen;
				INFOPLIST_KEY_UISupportedInterfaceOrientations_iPad = "UIInterfaceOrientationPortrait UIInterfaceOrientationPortraitUpsideDown UIInterfaceOrientationLandscapeLeft UIInterfaceOrientationLandscapeRight";
				INFOPLIST_KEY_UISupportedInterfaceOrientations_iPhone = "UIInterfaceOrientationPortrait UIInterfaceOrientationLandscapeLeft UIInterfaceOrientationLandscapeRight";
				LD_RUNPATH_SEARCH_PATHS = (
					"$(inherited)",
					"@executable_path/Frameworks",
				);
				MARKETING_VERSION = 1.0;
				PRODUCT_BUNDLE_IDENTIFIER = com.IgorPachkin.CooksCorner;
				PRODUCT_NAME = "$(TARGET_NAME)";
				SWIFT_EMIT_LOC_STRINGS = YES;
				SWIFT_VERSION = 5.0;
				TARGETED_DEVICE_FAMILY = "1,2";
			};
			name = Debug;
		};
		F17499B92BACA41A00A7078A /* Release */ = {
			isa = XCBuildConfiguration;
			buildSettings = {
				ASSETCATALOG_COMPILER_APPICON_NAME = AppIcon;
				ASSETCATALOG_COMPILER_GLOBAL_ACCENT_COLOR_NAME = AccentColor;
				CODE_SIGN_STYLE = Automatic;
				CURRENT_PROJECT_VERSION = 1;
				DEVELOPMENT_TEAM = S384TNP4Y3;
				GENERATE_INFOPLIST_FILE = YES;
				INFOPLIST_FILE = CooksCorner/Info.plist;
				INFOPLIST_KEY_UIApplicationSupportsIndirectInputEvents = YES;
				INFOPLIST_KEY_UILaunchStoryboardName = LaunchScreen;
				INFOPLIST_KEY_UISupportedInterfaceOrientations_iPad = "UIInterfaceOrientationPortrait UIInterfaceOrientationPortraitUpsideDown UIInterfaceOrientationLandscapeLeft UIInterfaceOrientationLandscapeRight";
				INFOPLIST_KEY_UISupportedInterfaceOrientations_iPhone = "UIInterfaceOrientationPortrait UIInterfaceOrientationLandscapeLeft UIInterfaceOrientationLandscapeRight";
				LD_RUNPATH_SEARCH_PATHS = (
					"$(inherited)",
					"@executable_path/Frameworks",
				);
				MARKETING_VERSION = 1.0;
				PRODUCT_BUNDLE_IDENTIFIER = com.IgorPachkin.CooksCorner;
				PRODUCT_NAME = "$(TARGET_NAME)";
				SWIFT_EMIT_LOC_STRINGS = YES;
				SWIFT_VERSION = 5.0;
				TARGETED_DEVICE_FAMILY = "1,2";
			};
			name = Release;
		};
/* End XCBuildConfiguration section */

/* Begin XCConfigurationList section */
		F174999E2BACA41900A7078A /* Build configuration list for PBXProject "CooksCorner" */ = {
			isa = XCConfigurationList;
			buildConfigurations = (
				F17499B52BACA41A00A7078A /* Debug */,
				F17499B62BACA41A00A7078A /* Release */,
			);
			defaultConfigurationIsVisible = 0;
			defaultConfigurationName = Release;
		};
		F17499B72BACA41A00A7078A /* Build configuration list for PBXNativeTarget "CooksCorner" */ = {
			isa = XCConfigurationList;
			buildConfigurations = (
				F17499B82BACA41A00A7078A /* Debug */,
				F17499B92BACA41A00A7078A /* Release */,
			);
			defaultConfigurationIsVisible = 0;
			defaultConfigurationName = Release;
		};
/* End XCConfigurationList section */

/* Begin XCRemoteSwiftPackageReference section */
		F16EDFED2BAF3BEB003ADD52 /* XCRemoteSwiftPackageReference "SnapKit" */ = {
			isa = XCRemoteSwiftPackageReference;
			repositoryURL = "https://github.com/SnapKit/SnapKit";
			requirement = {
				kind = upToNextMajorVersion;
				minimumVersion = 5.7.1;
			};
		};
/* End XCRemoteSwiftPackageReference section */

/* Begin XCSwiftPackageProductDependency section */
		F16EDFEE2BAF3BEB003ADD52 /* SnapKit */ = {
			isa = XCSwiftPackageProductDependency;
			package = F16EDFED2BAF3BEB003ADD52 /* XCRemoteSwiftPackageReference "SnapKit" */;
			productName = SnapKit;
		};
		F16EDFF02BAF3BEB003ADD52 /* SnapKit-Dynamic */ = {
			isa = XCSwiftPackageProductDependency;
			package = F16EDFED2BAF3BEB003ADD52 /* XCRemoteSwiftPackageReference "SnapKit" */;
			productName = "SnapKit-Dynamic";
		};
/* End XCSwiftPackageProductDependency section */
	};
	rootObject = F174999B2BACA41900A7078A /* Project object */;
}
